schema: '2.0'
stages:
  load_and_clean_gps_data:
    cmd: python src/load_and_clean_gps_data.py --config=params.yaml
    deps:
    - path: gps_data/FMS_signals_raw.csv
      md5: 891e5120c689d280e00b0fe7fc9b4aee
      size: 47074
    - path: gps_data/raw_data
      md5: 881b0ecdd8237f605b27590075a5c43b.dir
      size: 546145932
      nfiles: 321
    - path: src/load_and_clean_gps_data.py
      md5: 414e246c1e9542d17e302672e3ce9837
      size: 3178
    outs:
    - path: gps_data/cleaned_data
      md5: bd8d0a8b430cb5e5fbceeaa5a0679f68.dir
      size: 962335207
      nfiles: 4
  preprocess_gps_data:
    cmd: python src/preprocess_gps_data.py --config=params.yaml
    deps:
    - path: gps_data/cleaned_data
      md5: bd8d0a8b430cb5e5fbceeaa5a0679f68.dir
      size: 962335207
      nfiles: 4
    - path: src/preprocess_gps_data.py
      md5: b44eae4315a610decd72df5f884aa766
      size: 10434
    outs:
    - path: gps_data/preprocessed_data
      md5: 66697975cb24ae804b78da7294d8f1ba.dir
      size: 215078
      nfiles: 8
  merge_gps_data:
    cmd: python src/merge_gps_data.py --config=params.yaml
    deps:
    - path: gps_data/preprocessed_data/plant2-plant1
      md5: 6290fb1428b94327704b9a96483eb925.dir
      size: 107721
      nfiles: 4
    - path: src/preprocess_weather_data.py
      md5: a7e6dcacf0349b879e3aec37c383262e
      size: 4830
    outs:
    - path: gps_data/merge_data
      md5: d68be13adab3894c654c057f2d65d7c5.dir
      size: 140331
      nfiles: 1
  preprocess_weather_data:
    cmd: python src/preprocess_weather_data.py --config=params.yaml
    deps:
    - path: src/preprocess_weather_data.py
      md5: a7e6dcacf0349b879e3aec37c383262e
      size: 4830
    - path: weather_data/raw_data
      md5: d7570902cf28f11b98a4235223c69109.dir
      size: 1519204
      nfiles: 3
    outs:
    - path: weather_data/cleaned_data
      md5: 86736d9b9ad5a3e5e0409255a942829b.dir
      size: 278856
      nfiles: 1
    - path: weather_data/preprocessed_data
      md5: d0cd60b954319e15e995749270c36156.dir
      size: 331655
      nfiles: 1
